
Microsoft Visual Studio Solution File, Format Version 12.00
# Visual Studio Version 17
VisualStudioVersion = 17.3.32901.215
MinimumVisualStudioVersion = 10.0.40219.1
Project("{FAE04EC0-301F-11D3-BF4B-00C04F79EFBC}") = "CalcularAreas", "CalcularAreas\CalcularAreas.csproj", "{C3502835-A806-4635-817B-CF7FC7AC61A4}"
EndProject
Project("{2150E333-8FDC-42A3-9474-1A3956D46DE8}") = "cliente", "cliente", "{C8668B3C-971B-4AF5-A761-DA4B9E58C950}"
EndProject
Project("{2150E333-8FDC-42A3-9474-1A3956D46DE8}") = "servidor", "servidor", "{22C2AD53-65FD-461A-8E2F-1C5535D598E4}"
EndProject
Project("{FAE04EC0-301F-11D3-BF4B-00C04F79EFBC}") = "AREA_CUADRADO", "Cliente_Calcula\AREA_CUADRADO.csproj", "{4707E312-C60D-4851-9033-5D9B37C8E75F}"
	ProjectSection(ProjectDependencies) = postProject
		{C3502835-A806-4635-817B-CF7FC7AC61A4} = {C3502835-A806-4635-817B-CF7FC7AC61A4}
	EndProjectSection
EndProject
Project("{FAE04EC0-301F-11D3-BF4B-00C04F79EFBC}") = "AREA_TRIANGULO", "TRIANGULO\AREA_TRIANGULO.csproj", "{B60FAC78-9426-4BF2-977E-BA9FA982FCD1}"
	ProjectSection(ProjectDependencies) = postProject
		{C3502835-A806-4635-817B-CF7FC7AC61A4} = {C3502835-A806-4635-817B-CF7FC7AC61A4}
	EndProjectSection
EndProject
Project("{FAE04EC0-301F-11D3-BF4B-00C04F79EFBC}") = "AREA_CIRCULO", "CIRCULO\AREA_CIRCULO.csproj", "{B12CF46B-827A-4FBC-9671-E032FAE0242C}"
	ProjectSection(ProjectDependencies) = postProject
		{C3502835-A806-4635-817B-CF7FC7AC61A4} = {C3502835-A806-4635-817B-CF7FC7AC61A4}
	EndProjectSection
EndProject
Project("{FAE04EC0-301F-11D3-BF4B-00C04F79EFBC}") = "CALCULOS EN GENERAL", "CALCULOS EN GENERAL\CALCULOS EN GENERAL.csproj", "{FFCCBF37-B624-432D-9720-B5D5DEFB1868}"
	ProjectSection(ProjectDependencies) = postProject
		{C3502835-A806-4635-817B-CF7FC7AC61A4} = {C3502835-A806-4635-817B-CF7FC7AC61A4}
	EndProjectSection
EndProject
Global
	GlobalSection(SolutionConfigurationPlatforms) = preSolution
		Debug|Any CPU = Debug|Any CPU
		Release|Any CPU = Release|Any CPU
	EndGlobalSection
	GlobalSection(ProjectConfigurationPlatforms) = postSolution
		{C3502835-A806-4635-817B-CF7FC7AC61A4}.Debug|Any CPU.ActiveCfg = Debug|Any CPU
		{C3502835-A806-4635-817B-CF7FC7AC61A4}.Debug|Any CPU.Build.0 = Debug|Any CPU
		{C3502835-A806-4635-817B-CF7FC7AC61A4}.Release|Any CPU.ActiveCfg = Release|Any CPU
		{C3502835-A806-4635-817B-CF7FC7AC61A4}.Release|Any CPU.Build.0 = Release|Any CPU
		{4707E312-C60D-4851-9033-5D9B37C8E75F}.Debug|Any CPU.ActiveCfg = Debug|Any CPU
		{4707E312-C60D-4851-9033-5D9B37C8E75F}.Debug|Any CPU.Build.0 = Debug|Any CPU
		{4707E312-C60D-4851-9033-5D9B37C8E75F}.Release|Any CPU.ActiveCfg = Release|Any CPU
		{4707E312-C60D-4851-9033-5D9B37C8E75F}.Release|Any CPU.Build.0 = Release|Any CPU
		{B60FAC78-9426-4BF2-977E-BA9FA982FCD1}.Debug|Any CPU.ActiveCfg = Debug|Any CPU
		{B60FAC78-9426-4BF2-977E-BA9FA982FCD1}.Debug|Any CPU.Build.0 = Debug|Any CPU
		{B60FAC78-9426-4BF2-977E-BA9FA982FCD1}.Release|Any CPU.ActiveCfg = Release|Any CPU
		{B60FAC78-9426-4BF2-977E-BA9FA982FCD1}.Release|Any CPU.Build.0 = Release|Any CPU
		{B12CF46B-827A-4FBC-9671-E032FAE0242C}.Debug|Any CPU.ActiveCfg = Debug|Any CPU
		{B12CF46B-827A-4FBC-9671-E032FAE0242C}.Debug|Any CPU.Build.0 = Debug|Any CPU
		{B12CF46B-827A-4FBC-9671-E032FAE0242C}.Release|Any CPU.ActiveCfg = Release|Any CPU
		{B12CF46B-827A-4FBC-9671-E032FAE0242C}.Release|Any CPU.Build.0 = Release|Any CPU
		{FFCCBF37-B624-432D-9720-B5D5DEFB1868}.Debug|Any CPU.ActiveCfg = Debug|Any CPU
		{FFCCBF37-B624-432D-9720-B5D5DEFB1868}.Debug|Any CPU.Build.0 = Debug|Any CPU
		{FFCCBF37-B624-432D-9720-B5D5DEFB1868}.Release|Any CPU.ActiveCfg = Release|Any CPU
		{FFCCBF37-B624-432D-9720-B5D5DEFB1868}.Release|Any CPU.Build.0 = Release|Any CPU
	EndGlobalSection
	GlobalSection(SolutionProperties) = preSolution
		HideSolutionNode = FALSE
	EndGlobalSection
	GlobalSection(NestedProjects) = preSolution
		{C3502835-A806-4635-817B-CF7FC7AC61A4} = {22C2AD53-65FD-461A-8E2F-1C5535D598E4}
		{4707E312-C60D-4851-9033-5D9B37C8E75F} = {C8668B3C-971B-4AF5-A761-DA4B9E58C950}
		{B60FAC78-9426-4BF2-977E-BA9FA982FCD1} = {C8668B3C-971B-4AF5-A761-DA4B9E58C950}
		{B12CF46B-827A-4FBC-9671-E032FAE0242C} = {C8668B3C-971B-4AF5-A761-DA4B9E58C950}
		{FFCCBF37-B624-432D-9720-B5D5DEFB1868} = {C8668B3C-971B-4AF5-A761-DA4B9E58C950}
	EndGlobalSection
	GlobalSection(ExtensibilityGlobals) = postSolution
		SolutionGuid = {84C8C91B-5B0C-4314-897D-CE1EAE914C1C}
	EndGlobalSection
EndGlobal
